{
  "name": "@skruv/jsx-react",
  "version": "0.1.1",
  "lockfileVersion": 2,
  "requires": true,
  "packages": {
    "": {
      "name": "@skruv/jsx-react",
      "version": "0.1.1",
      "dependencies": {
        "skruv": "*"
      }
    },
    "node_modules/skruv": {
      "version": "0.6.3",
      "resolved": "https://registry.npmjs.org/skruv/-/skruv-0.6.3.tgz",
      "integrity": "sha512-uLYKOp+hkwj7DEGVwDs4AXZkAJyzyhJkwEzC1sw3uLQCfgqJjhBPIGWQVtqfETduJ4XFVR/krMSUZkCYYjNVsg==",
      "bin": {
        "skruv-bundle": "utils/bundle.js"
      }
    }
  },
  "dependencies": {
    "skruv": {
      "version": "0.6.3",
      "resolved": "https://registry.npmjs.org/skruv/-/skruv-0.6.3.tgz",
      "integrity": "sha512-uLYKOp+hkwj7DEGVwDs4AXZkAJyzyhJkwEzC1sw3uLQCfgqJjhBPIGWQVtqfETduJ4XFVR/krMSUZkCYYjNVsg=="
    }
  }
}
